{
	"name": "app",
	"version": "0.0.1",
	"lockfileVersion": 2,
	"requires": true,
	"packages": {
		"": {
			"name": "app",
			"version": "0.0.1",
			"dependencies": {
				"@vant/weapp": "^1.11.7",
				"miniprogram-element": "latest",
				"miniprogram-render": "latest"
			}
		},
		"node_modules/@vant/weapp": {
			"version": "1.11.7",
			"resolved": "https://registry.npmmirror.com/@vant/weapp/-/weapp-1.11.7.tgz",
			"integrity": "sha512-Rwn9BBnb4kHSV4XmvBicwtd42J+amEUfnFDcXJsGNPNX4a9c/DoT6YLsm4X1wB2+sQbdiQsbFBLAvGRBxCkD8g==",
			"license": "MIT"
		},
		"node_modules/miniprogram-element": {
			"version": "2.2.14",
			"resolved": "https://registry.npmjs.org/miniprogram-element/-/miniprogram-element-2.2.14.tgz",
			"integrity": "sha512-c8B9b6qqtByqyExKt4DW42HDDoEqQRGsFbtRR/OPBYv/FGIRjYKSRcxijdGIM7Tpp9mpu8+6Ea465WRpemFOBg==",
			"peerDependencies": {
				"miniprogram-render": "*"
			}
		},
		"node_modules/miniprogram-render": {
			"version": "2.2.25",
			"resolved": "https://registry.npmjs.org/miniprogram-render/-/miniprogram-render-2.2.25.tgz",
			"integrity": "sha512-/5AkBO0FwgJg/a/831J2h7VLdGqpNuELhscgvyJrAYgge8IBunEfDI90fgpMwlb6tiPhb1gnwbMD0BeUTaL0Qw=="
		}
	},
	"dependencies": {
		"@vant/weapp": {
			"version": "1.11.7",
			"resolved": "https://registry.npmmirror.com/@vant/weapp/-/weapp-1.11.7.tgz",
			"integrity": "sha512-Rwn9BBnb4kHSV4XmvBicwtd42J+amEUfnFDcXJsGNPNX4a9c/DoT6YLsm4X1wB2+sQbdiQsbFBLAvGRBxCkD8g=="
		},
		"miniprogram-element": {
			"version": "2.2.14",
			"resolved": "https://registry.npmjs.org/miniprogram-element/-/miniprogram-element-2.2.14.tgz",
			"integrity": "sha512-c8B9b6qqtByqyExKt4DW42HDDoEqQRGsFbtRR/OPBYv/FGIRjYKSRcxijdGIM7Tpp9mpu8+6Ea465WRpemFOBg==",
			"requires": {}
		},
		"miniprogram-render": {
			"version": "2.2.25",
			"resolved": "https://registry.npmjs.org/miniprogram-render/-/miniprogram-render-2.2.25.tgz",
			"integrity": "sha512-/5AkBO0FwgJg/a/831J2h7VLdGqpNuELhscgvyJrAYgge8IBunEfDI90fgpMwlb6tiPhb1gnwbMD0BeUTaL0Qw=="
		}
	}
}
